
Microsoft Visual Studio Solution File, Format Version 12.00
# Visual Studio Version 16
VisualStudioVersion = 16.0.30011.22
MinimumVisualStudioVersion = 10.0.40219.1
Project("{8BC9CEB8-8B4A-11D0-8D11-00A0C91BC942}") = "ElevatorSimulation", "ElevatorSimulation\ElevatorSimulation.vcxproj", "{59BA1F4B-98BA-42E0-A0AC-B04D1FD4ADDF}"
EndProject
Global
	GlobalSection(SolutionConfigurationPlatforms) = preSolution
		Debug|x64 = Debug|x64
		Debug|x86 = Debug|x86
		Release|x64 = Release|x64
		Release|x86 = Release|x86
	EndGlobalSection
	GlobalSection(ProjectConfigurationPlatforms) = postSolution
		{59BA1F4B-98BA-42E0-A0AC-B04D1FD4ADDF}.Debug|x64.ActiveCfg = Debug|x64
		{59BA1F4B-98BA-42E0-A0AC-B04D1FD4ADDF}.Debug|x64.Build.0 = Debug|x64
		{59BA1F4B-98BA-42E0-A0AC-B04D1FD4ADDF}.Debug|x86.ActiveCfg = Debug|Win32
		{59BA1F4B-98BA-42E0-A0AC-B04D1FD4ADDF}.Debug|x86.Build.0 = Debug|Win32
		{59BA1F4B-98BA-42E0-A0AC-B04D1FD4ADDF}.Release|x64.ActiveCfg = Release|x64
		{59BA1F4B-98BA-42E0-A0AC-B04D1FD4ADDF}.Release|x64.Build.0 = Release|x64
		{59BA1F4B-98BA-42E0-A0AC-B04D1FD4ADDF}.Release|x86.ActiveCfg = Release|Win32
		{59BA1F4B-98BA-42E0-A0AC-B04D1FD4ADDF}.Release|x86.Build.0 = Release|Win32
	EndGlobalSection
	GlobalSection(SolutionProperties) = preSolution
		HideSolutionNode = FALSE
	EndGlobalSection
	GlobalSection(ExtensibilityGlobals) = postSolution
		SolutionGuid = {2FA297DF-4F5C-4B72-9031-7BDA1B54CBD5}
	EndGlobalSection
EndGlobal
